
Microsoft Visual Studio Solution File, Format Version 12.00
# Visual Studio 15
VisualStudioVersion = 15.0.28306.52
MinimumVisualStudioVersion = 10.0.40219.1
Project("{9A19103F-16F7-4668-BE54-9A1E7A4F7556}") = "ClientWithSpeech", "ClientWithSpeech\ClientWithSpeech.csproj", "{272E9A38-C855-4BD2-A734-1D035E79B678}"
EndProject
Project("{FAE04EC0-301F-11D3-BF4B-00C04F79EFBC}") = "DirectLineGateway", "DirectLineGateway\DirectLineGateway.csproj", "{DD06D6B1-FAE6-43B7-BE4C-37F80CB8E811}"
EndProject
Project("{FAE04EC0-301F-11D3-BF4B-00C04F79EFBC}") = "Schema", "Schema\Schema.csproj", "{12DFFFF7-A9FE-4367-89BE-137960109B91}"
EndProject
Project("{2150E333-8FDC-42A3-9474-1A3956D46DE8}") = "Tests", "Tests", "{F3E8FC08-8E76-4CAC-B945-913B540B4FFF}"
EndProject
Global
	GlobalSection(SolutionConfigurationPlatforms) = preSolution
		Debug|Any CPU = Debug|Any CPU
		Release|Any CPU = Release|Any CPU
	EndGlobalSection
	GlobalSection(ProjectConfigurationPlatforms) = postSolution
		{272E9A38-C855-4BD2-A734-1D035E79B678}.Debug|Any CPU.ActiveCfg = Debug|Any CPU
		{272E9A38-C855-4BD2-A734-1D035E79B678}.Debug|Any CPU.Build.0 = Debug|Any CPU
		{272E9A38-C855-4BD2-A734-1D035E79B678}.Release|Any CPU.ActiveCfg = Release|Any CPU
		{272E9A38-C855-4BD2-A734-1D035E79B678}.Release|Any CPU.Build.0 = Release|Any CPU
		{DD06D6B1-FAE6-43B7-BE4C-37F80CB8E811}.Debug|Any CPU.ActiveCfg = Debug|Any CPU
		{DD06D6B1-FAE6-43B7-BE4C-37F80CB8E811}.Debug|Any CPU.Build.0 = Debug|Any CPU
		{DD06D6B1-FAE6-43B7-BE4C-37F80CB8E811}.Release|Any CPU.ActiveCfg = Release|Any CPU
		{DD06D6B1-FAE6-43B7-BE4C-37F80CB8E811}.Release|Any CPU.Build.0 = Release|Any CPU
		{12DFFFF7-A9FE-4367-89BE-137960109B91}.Debug|Any CPU.ActiveCfg = Debug|Any CPU
		{12DFFFF7-A9FE-4367-89BE-137960109B91}.Debug|Any CPU.Build.0 = Debug|Any CPU
		{12DFFFF7-A9FE-4367-89BE-137960109B91}.Release|Any CPU.ActiveCfg = Release|Any CPU
		{12DFFFF7-A9FE-4367-89BE-137960109B91}.Release|Any CPU.Build.0 = Release|Any CPU
	EndGlobalSection
	GlobalSection(SolutionProperties) = preSolution
		HideSolutionNode = FALSE
	EndGlobalSection
	GlobalSection(ExtensibilityGlobals) = postSolution
		SolutionGuid = {69FDF415-B0FB-4C13-93AE-B8C58A772E18}
	EndGlobalSection
EndGlobal
